
Microsoft Visual Studio Solution File, Format Version 12.00
# Visual Studio 14
VisualStudioVersion = 14.0.25420.1
MinimumVisualStudioVersion = 10.0.40219.1
Project("{FAE04EC0-301F-11D3-BF4B-00C04F79EFBC}") = "CFD_API", "CFD_API\CFD_API.csproj", "{551AB463-99FE-4F42-B963-DE88818CCBC0}"
EndProject
Project("{CC5FD16D-436D-48AD-A40C-5A424C6E3E79}") = "CFD_API.AzureWebRole", "CFD_API.AzureWebRole\CFD_API.AzureWebRole.ccproj", "{5E39FC33-4C7A-48F2-91D7-BC211664219D}"
EndProject
Project("{FAE04EC0-301F-11D3-BF4B-00C04F79EFBC}") = "CFD_COMMON", "CFD_COMMON\CFD_COMMON.csproj", "{C46068B7-6D4B-4F7D-AA63-E42CEE169372}"
EndProject
Project("{FAE04EC0-301F-11D3-BF4B-00C04F79EFBC}") = "CFD_JOBS", "CFD_JOBS\CFD_JOBS.csproj", "{BC097504-DDB8-4FAD-8774-72388FEE0B0C}"
EndProject
Project("{FAE04EC0-301F-11D3-BF4B-00C04F79EFBC}") = "CFD_TEST", "CFD_TEST\CFD_TEST.csproj", "{CE8979E6-619B-4F01-82F8-E62187D66F23}"
EndProject
Project("{CC5FD16D-436D-48AD-A40C-5A424C6E3E79}") = "AyondoTrade.WorkerRole", "AyondoTrade.WorkerRole\AyondoTrade.WorkerRole.ccproj", "{E3C7F636-CE79-4F96-88BC-A54057C23692}"
EndProject
Project("{FAE04EC0-301F-11D3-BF4B-00C04F79EFBC}") = "AyondoTrade", "AyondoTrade\AyondoTrade.csproj", "{BBA7BBA6-7410-44A1-9948-B3A22AB76E7C}"
EndProject
Global
	GlobalSection(SolutionConfigurationPlatforms) = preSolution
		Debug|Any CPU = Debug|Any CPU
		Release|Any CPU = Release|Any CPU
	EndGlobalSection
	GlobalSection(ProjectConfigurationPlatforms) = postSolution
		{551AB463-99FE-4F42-B963-DE88818CCBC0}.Debug|Any CPU.ActiveCfg = Debug|Any CPU
		{551AB463-99FE-4F42-B963-DE88818CCBC0}.Debug|Any CPU.Build.0 = Debug|Any CPU
		{551AB463-99FE-4F42-B963-DE88818CCBC0}.Release|Any CPU.ActiveCfg = Release|Any CPU
		{551AB463-99FE-4F42-B963-DE88818CCBC0}.Release|Any CPU.Build.0 = Release|Any CPU
		{5E39FC33-4C7A-48F2-91D7-BC211664219D}.Debug|Any CPU.ActiveCfg = Debug|Any CPU
		{5E39FC33-4C7A-48F2-91D7-BC211664219D}.Debug|Any CPU.Build.0 = Debug|Any CPU
		{5E39FC33-4C7A-48F2-91D7-BC211664219D}.Release|Any CPU.ActiveCfg = Release|Any CPU
		{5E39FC33-4C7A-48F2-91D7-BC211664219D}.Release|Any CPU.Build.0 = Release|Any CPU
		{C46068B7-6D4B-4F7D-AA63-E42CEE169372}.Debug|Any CPU.ActiveCfg = Debug|Any CPU
		{C46068B7-6D4B-4F7D-AA63-E42CEE169372}.Debug|Any CPU.Build.0 = Debug|Any CPU
		{C46068B7-6D4B-4F7D-AA63-E42CEE169372}.Release|Any CPU.ActiveCfg = Release|Any CPU
		{C46068B7-6D4B-4F7D-AA63-E42CEE169372}.Release|Any CPU.Build.0 = Release|Any CPU
		{BC097504-DDB8-4FAD-8774-72388FEE0B0C}.Debug|Any CPU.ActiveCfg = Debug|Any CPU
		{BC097504-DDB8-4FAD-8774-72388FEE0B0C}.Debug|Any CPU.Build.0 = Debug|Any CPU
		{BC097504-DDB8-4FAD-8774-72388FEE0B0C}.Release|Any CPU.ActiveCfg = Release|Any CPU
		{BC097504-DDB8-4FAD-8774-72388FEE0B0C}.Release|Any CPU.Build.0 = Release|Any CPU
		{CE8979E6-619B-4F01-82F8-E62187D66F23}.Debug|Any CPU.ActiveCfg = Debug|Any CPU
		{CE8979E6-619B-4F01-82F8-E62187D66F23}.Debug|Any CPU.Build.0 = Debug|Any CPU
		{CE8979E6-619B-4F01-82F8-E62187D66F23}.Release|Any CPU.ActiveCfg = Release|Any CPU
		{CE8979E6-619B-4F01-82F8-E62187D66F23}.Release|Any CPU.Build.0 = Release|Any CPU
		{E3C7F636-CE79-4F96-88BC-A54057C23692}.Debug|Any CPU.ActiveCfg = Debug|Any CPU
		{E3C7F636-CE79-4F96-88BC-A54057C23692}.Debug|Any CPU.Build.0 = Debug|Any CPU
		{E3C7F636-CE79-4F96-88BC-A54057C23692}.Release|Any CPU.ActiveCfg = Release|Any CPU
		{E3C7F636-CE79-4F96-88BC-A54057C23692}.Release|Any CPU.Build.0 = Release|Any CPU
		{BBA7BBA6-7410-44A1-9948-B3A22AB76E7C}.Debug|Any CPU.ActiveCfg = Debug|Any CPU
		{BBA7BBA6-7410-44A1-9948-B3A22AB76E7C}.Debug|Any CPU.Build.0 = Debug|Any CPU
		{BBA7BBA6-7410-44A1-9948-B3A22AB76E7C}.Release|Any CPU.ActiveCfg = Release|Any CPU
		{BBA7BBA6-7410-44A1-9948-B3A22AB76E7C}.Release|Any CPU.Build.0 = Release|Any CPU
	EndGlobalSection
	GlobalSection(SolutionProperties) = preSolution
		HideSolutionNode = FALSE
	EndGlobalSection
EndGlobal
